
Microsoft Visual Studio Solution File, Format Version 12.00
# Visual Studio Version 17
VisualStudioVersion = 17.3.32825.248
MinimumVisualStudioVersion = 10.0.40219.1
Project("{FAE04EC0-301F-11D3-BF4B-00C04F79EFBC}") = "Week15OOPAndFiles", "Week15OOPAndFiles\Week15OOPAndFiles.csproj", "{FF3BE6F5-34EF-4AFD-8E0B-E3A82AAEC619}"
EndProject
Global
	GlobalSection(SolutionConfigurationPlatforms) = preSolution
		Debug|Any CPU = Debug|Any CPU
		Release|Any CPU = Release|Any CPU
	EndGlobalSection
	GlobalSection(ProjectConfigurationPlatforms) = postSolution
		{FF3BE6F5-34EF-4AFD-8E0B-E3A82AAEC619}.Debug|Any CPU.ActiveCfg = Debug|Any CPU
		{FF3BE6F5-34EF-4AFD-8E0B-E3A82AAEC619}.Debug|Any CPU.Build.0 = Debug|Any CPU
		{FF3BE6F5-34EF-4AFD-8E0B-E3A82AAEC619}.Release|Any CPU.ActiveCfg = Release|Any CPU
		{FF3BE6F5-34EF-4AFD-8E0B-E3A82AAEC619}.Release|Any CPU.Build.0 = Release|Any CPU
	EndGlobalSection
	GlobalSection(SolutionProperties) = preSolution
		HideSolutionNode = FALSE
	EndGlobalSection
	GlobalSection(ExtensibilityGlobals) = postSolution
		SolutionGuid = {5D501360-DD9E-4D29-8F4B-7FB9AE37B46F}
	EndGlobalSection
EndGlobal
